{
    "name": "@plurnk/plurnk-mimetypes-grammar-zig",
    "version": "1.16.1",
    "lockfileVersion": 3,
    "requires": true,
    "packages": {
        "": {
            "name": "@plurnk/plurnk-mimetypes-grammar-zig",
            "version": "1.16.1",
            "license": "MIT",
            "devDependencies": {
                "tree-sitter-cli": "0.26.9"
            },
            "engines": {
                "node": ">=26"
            },
            "peerDependencies": {
                "@plurnk/plurnk-mimetypes": "^1.16.1",
                "web-tree-sitter": "^0.25.0 || ^0.26.0 || ^0.27.0"
            }
        },
        "node_modules/@cfworker/json-schema": {
            "version": "4.1.1",
            "resolved": "https://registry.npmjs.org/@cfworker/json-schema/-/json-schema-4.1.1.tgz",
            "integrity": "sha512-gAmrUZSGtKc3AiBL71iNWxDsyUC5uMaKKGdvzYsBoTW/xi42JQHl7eKV2OYzCUqvc+D2RCcf7EXY2iCyFIk6og==",
            "license": "MIT",
            "peer": true
        },
        "node_modules/@plurnk/plurnk-contracts": {
            "version": "1.16.1",
            "resolved": "https://registry.npmjs.org/@plurnk/plurnk-contracts/-/plurnk-contracts-1.16.1.tgz",
            "integrity": "sha512-cT6Mkbet0ZGbd/J4wLhkF3BP6Iil0klprsPqedRWoF7xkkS4ZtpLooY9W5AcPazUYNJFRstsAQaAPvGvJFgJzA==",
            "license": "MIT",
            "peer": true,
            "dependencies": {
                "@cfworker/json-schema": "^4.1.1",
                "antlr4ng": "^3.0.0",
                "json-p3": "2.2.2",
                "xpath": "^0.0.34"
            },
            "bin": {
                "plurnk-contracts": "bin/plurnk-contracts.js"
            },
            "engines": {
                "node": ">=26"
            }
        },
        "node_modules/@plurnk/plurnk-meta": {
            "version": "1.16.1",
            "resolved": "https://registry.npmjs.org/@plurnk/plurnk-meta/-/plurnk-meta-1.16.1.tgz",
            "integrity": "sha512-+w7BeGG+imoeK8yA0pUIy1L0cbI/5lPxuM2zeRJmdKbgNVieR9sVPrrcr0EIhBbKgWPvA7QhqGFGcUzn5mS7DQ==",
            "license": "MIT",
            "peer": true,
            "engines": {
                "node": ">=26"
            }
        },
        "node_modules/@plurnk/plurnk-mimetypes": {
            "version": "1.16.1",
            "resolved": "https://registry.npmjs.org/@plurnk/plurnk-mimetypes/-/plurnk-mimetypes-1.16.1.tgz",
            "integrity": "sha512-7mQxU0C17Te5t6R4kWlPZLwC+3XpdTVqGnu+yoDwShQ1gvienWWcw/SR+eeRDelacsIC1NO3f/5WAWX+saAYYA==",
            "license": "MIT",
            "peer": true,
            "dependencies": {
                "@plurnk/plurnk-contracts": "1.16.1",
                "@plurnk/plurnk-meta": "1.16.1",
                "@xmldom/xmldom": "^0.9.10",
                "antlr4ng": "^3.0.16",
                "json-p3": "2.2.2",
                "picomatch": "^4.0.7",
                "smol-toml": "^1.7.1",
                "web-tree-sitter": "^0.27.0",
                "xpath": "^0.0.34",
                "yaml": "^2.9.0"
            },
            "bin": {
                "plurnk-mimetypes-compile": "bin/plurnk-mimetypes-compile.js"
            },
            "engines": {
                "node": ">=26"
            },
            "peerDependencies": {
                "antlr-ng": "^1.0.10"
            },
            "peerDependenciesMeta": {
                "antlr-ng": {
                    "optional": true
                }
            }
        },
        "node_modules/@xmldom/xmldom": {
            "version": "0.9.12",
            "resolved": "https://registry.npmjs.org/@xmldom/xmldom/-/xmldom-0.9.12.tgz",
            "integrity": "sha512-5AXjrcMClTryPe9LgZrygpB1lj7s0S9E0+W+AHaVKAVyHanafK86iPSvG5xHVSp/jC+VH1UXu0TAEmY279xH7A==",
            "license": "MIT",
            "peer": true,
            "engines": {
                "node": ">=14.6"
            }
        },
        "node_modules/antlr4ng": {
            "version": "3.0.16",
            "resolved": "https://registry.npmjs.org/antlr4ng/-/antlr4ng-3.0.16.tgz",
            "integrity": "sha512-DQuJkC7kX3xunfF4K2KsWTSvoxxslv+FQp/WHQZTJSsH2Ec3QfFmrxC3Nky2ok9yglXn6nHM4zUaVDxcN5f6kA==",
            "license": "BSD-3-Clause",
            "peer": true
        },
        "node_modules/json-p3": {
            "version": "2.2.2",
            "resolved": "https://registry.npmjs.org/json-p3/-/json-p3-2.2.2.tgz",
            "integrity": "sha512-TmTgkx+C1ne8Wdm9dFQ4/jCeYYbSoeYJAkRpvTz6O+zWN1Dc3cKW8Mt52sa8mSRXy/+JykA5I6rmM+k8h+JRRg==",
            "license": "MIT",
            "peer": true
        },
        "node_modules/picomatch": {
            "version": "4.0.7",
            "resolved": "https://registry.npmjs.org/picomatch/-/picomatch-4.0.7.tgz",
            "integrity": "sha512-qcJu88Q2IWqJsDD529JKMdwGm/dvInW4HvQnRwiH9JtihJvzGOscDtHE3x1pBKeUOTysQ8kVmLnJ2kJu7yhcGA==",
            "license": "MIT",
            "peer": true,
            "engines": {
                "node": ">=12"
            },
            "funding": {
                "url": "https://github.com/sponsors/jonschlinkert"
            }
        },
        "node_modules/smol-toml": {
            "version": "1.8.0",
            "resolved": "https://registry.npmjs.org/smol-toml/-/smol-toml-1.8.0.tgz",
            "integrity": "sha512-kCZr2V3ch9i00x8zXRhjUNVcjG9ijES5dDudkXvUVCT5QlJNQWElSJdZqyPemffHoLNUYwOcou0Fy+ojN0uHSQ==",
            "license": "BSD-3-Clause",
            "peer": true,
            "engines": {
                "node": ">= 18"
            },
            "funding": {
                "url": "https://github.com/sponsors/cyyynthia"
            }
        },
        "node_modules/tree-sitter-cli": {
            "version": "0.26.9",
            "resolved": "https://registry.npmjs.org/tree-sitter-cli/-/tree-sitter-cli-0.26.9.tgz",
            "integrity": "sha512-7l+U1RmazPVe+yA/JiX80GFOILnL/j24GbawamIzNQC8UlINrcyECbaWGaG1wuq4j/m0DQTx7Uu4r0iW9Ao1BQ==",
            "dev": true,
            "hasInstallScript": true,
            "license": "MIT",
            "bin": {
                "tree-sitter": "cli.js"
            },
            "engines": {
                "node": ">=12.0.0"
            }
        },
        "node_modules/web-tree-sitter": {
            "version": "0.27.0",
            "resolved": "https://registry.npmjs.org/web-tree-sitter/-/web-tree-sitter-0.27.0.tgz",
            "integrity": "sha512-XK08gj6RwTMQatAG7uVRP8MunqotL/XC19vHgkSPKmELgbGPBj4ECvB8haHOUnyj6ls2B8t42UTro14zxGgAHg==",
            "license": "MIT",
            "peer": true
        },
        "node_modules/xpath": {
            "version": "0.0.34",
            "resolved": "https://registry.npmjs.org/xpath/-/xpath-0.0.34.tgz",
            "integrity": "sha512-FxF6+rkr1rNSQrhUNYrAFJpRXNzlDoMxeXN5qI84939ylEv3qqPFKa85Oxr6tDaJKqwW6KKyo2v26TSv3k6LeA==",
            "license": "MIT",
            "peer": true,
            "engines": {
                "node": ">=0.6.0"
            }
        },
        "node_modules/yaml": {
            "version": "2.9.0",
            "resolved": "https://registry.npmjs.org/yaml/-/yaml-2.9.0.tgz",
            "integrity": "sha512-2AvhNX3mb8zd6Zy7INTtSpl1F15HW6Wnqj0srWlkKLcpYl/gMIMJiyuGq2KeI2YFxUPjdlB+3Lc10seMLtL4cA==",
            "license": "ISC",
            "peer": true,
            "bin": {
                "yaml": "bin.mjs"
            },
            "engines": {
                "node": ">= 14.6"
            },
            "funding": {
                "url": "https://github.com/sponsors/eemeli"
            }
        }
    }
}
